// !$*UTF8*$!
{
	archiveVersion = 1;
	classes = {
	};
	objectVersion = 48;
	objects = {

/* Begin PBXBuildFile section */
		1A2F3ECB2201FC6E0080028A /* memo.swift in Sources */ = {isa = PBXBuildFile; fileRef = 1A2F3ECA2201FC6E0080028A /* memo.swift */; };
		1A5B350E2201FBBF00A60E58 /* AppDelegate.swift in Sources */ = {isa = PBXBuildFile; fileRef = 1A5B350D2201FBBF00A60E58 /* AppDelegate.swift */; };
		1A5B35102201FBBF00A60E58 /* ViewController.swift in Sources */ = {isa = PBXBuildFile; fileRef = 1A5B350F2201FBBF00A60E58 /* ViewController.swift */; };
		1A5B35132201FBBF00A60E58 /* Main.storyboard in Resources */ = {isa = PBXBuildFile; fileRef = 1A5B35112201FBBF00A60E58 /* Main.storyboard */; };
		1A5B35152201FBBF00A60E58 /* Assets.xcassets in Resources */ = {isa = PBXBuildFile; fileRef = 1A5B35142201FBBF00A60E58 /* Assets.xcassets */; };
		1A5B35182201FBBF00A60E58 /* LaunchScreen.storyboard in Resources */ = {isa = PBXBuildFile; fileRef = 1A5B35162201FBBF00A60E58 /* LaunchScreen.storyboard */; };
		1A5B35232201FBBF00A60E58 /* PractipopasTests.swift in Sources */ = {isa = PBXBuildFile; fileRef = 1A5B35222201FBBF00A60E58 /* PractipopasTests.swift */; };
		1A5B352E2201FBBF00A60E58 /* PractipopasUITests.swift in Sources */ = {isa = PBXBuildFile; fileRef = 1A5B352D2201FBBF00A60E58 /* PractipopasUITests.swift */; };
/* End PBXBuildFile section */

/* Begin PBXContainerItemProxy section */
		1A5B351F2201FBBF00A60E58 /* PBXContainerItemProxy */ = {
			isa = PBXContainerItemProxy;
			containerPortal = 1A5B35022201FBBE00A60E58 /* Project object */;
			proxyType = 1;
			remoteGlobalIDString = 1A5B35092201FBBE00A60E58;
			remoteInfo = Practipopas;
		};
		1A5B352A2201FBBF00A60E58 /* PBXContainerItemProxy */ = {
			isa = PBXContainerItemProxy;
			containerPortal = 1A5B35022201FBBE00A60E58 /* Project object */;
			proxyType = 1;
			remoteGlobalIDString = 1A5B35092201FBBE00A60E58;
			remoteInfo = Practipopas;
		};
/* End PBXContainerItemProxy section */

/* Begin PBXFileReference section */
		1A2F3ECA2201FC6E0080028A /* memo.swift */ = {isa = PBXFileReference; lastKnownFileType = sourcecode.swift; path = memo.swift; sourceTree = "<group>"; };
		1A5B350A2201FBBF00A60E58 /* Practipopas.app */ = {isa = PBXFileReference; explicitFileType = wrapper.application; includeInIndex = 0; path = Practipopas.app; sourceTree = BUILT_PRODUCTS_DIR; };
		1A5B350D2201FBBF00A60E58 /* AppDelegate.swift */ = {isa = PBXFileReference; lastKnownFileType = sourcecode.swift; path = AppDelegate.swift; sourceTree = "<group>"; };
		1A5B350F2201FBBF00A60E58 /* ViewController.swift */ = {isa = PBXFileReference; lastKnownFileType = sourcecode.swift; path = ViewController.swift; sourceTree = "<group>"; };
		1A5B35122201FBBF00A60E58 /* Base */ = {isa = PBXFileReference; lastKnownFileType = file.storyboard; name = Base; path = Base.lproj/Main.storyboard; sourceTree = "<group>"; };
		1A5B35142201FBBF00A60E58 /* Assets.xcassets */ = {isa = PBXFileReference; lastKnownFileType = folder.assetcatalog; path = Assets.xcassets; sourceTree = "<group>"; };
		1A5B35172201FBBF00A60E58 /* Base */ = {isa = PBXFileReference; lastKnownFileType = file.storyboard; name = Base; path = Base.lproj/LaunchScreen.storyboard; sourceTree = "<group>"; };
		1A5B35192201FBBF00A60E58 /* Info.plist */ = {isa = PBXFileReference; lastKnownFileType = text.plist.xml; path = Info.plist; sourceTree = "<group>"; };
		1A5B351E2201FBBF00A60E58 /* PractipopasTests.xctest */ = {isa = PBXFileReference; explicitFileType = wrapper.cfbundle; includeInIndex = 0; path = PractipopasTests.xctest; sourceTree = BUILT_PRODUCTS_DIR; };
		1A5B35222201FBBF00A60E58 /* PractipopasTests.swift */ = {isa = PBXFileReference; lastKnownFileType = sourcecode.swift; path = PractipopasTests.swift; sourceTree = "<group>"; };
		1A5B35242201FBBF00A60E58 /* Info.plist */ = {isa = PBXFileReference; lastKnownFileType = text.plist.xml; path = Info.plist; sourceTree = "<group>"; };
		1A5B35292201FBBF00A60E58 /* PractipopasUITests.xctest */ = {isa = PBXFileReference; explicitFileType = wrapper.cfbundle; includeInIndex = 0; path = PractipopasUITests.xctest; sourceTree = BUILT_PRODUCTS_DIR; };
		1A5B352D2201FBBF00A60E58 /* PractipopasUITests.swift */ = {isa = PBXFileReference; lastKnownFileType = sourcecode.swift; path = PractipopasUITests.swift; sourceTree = "<group>"; };
		1A5B352F2201FBBF00A60E58 /* Info.plist */ = {isa = PBXFileReference; lastKnownFileType = text.plist.xml; path = Info.plist; sourceTree = "<group>"; };
/* End PBXFileReference section */

/* Begin PBXFrameworksBuildPhase section */
		1A5B35072201FBBE00A60E58 /* Frameworks */ = {
			isa = PBXFrameworksBuildPhase;
			buildActionMask = 2147483647;
			files = (
			);
			runOnlyForDeploymentPostprocessing = 0;
		};
		1A5B351B2201FBBF00A60E58 /* Frameworks */ = {
			isa = PBXFrameworksBuildPhase;
			buildActionMask = 2147483647;
			files = (
			);
			runOnlyForDeploymentPostprocessing = 0;
		};
		1A5B35262201FBBF00A60E58 /* Frameworks */ = {
			isa = PBXFrameworksBuildPhase;
			buildActionMask = 2147483647;
			files = (
			);
			runOnlyForDeploymentPostprocessing = 0;
		};
/* End PBXFrameworksBuildPhase section */

/* Begin PBXGroup section */
		1A5B35012201FBBE00A60E58 = {
			isa = PBXGroup;
			children = (
				1A5B350C2201FBBF00A60E58 /* Practipopas */,
				1A5B35212201FBBF00A60E58 /* PractipopasTests */,
				1A5B352C2201FBBF00A60E58 /* PractipopasUITests */,
				1A5B350B2201FBBF00A60E58 /* Products */,
			);
			sourceTree = "<group>";
		};
		1A5B350B2201FBBF00A60E58 /* Products */ = {
			isa = PBXGroup;
			children = (
				1A5B350A2201FBBF00A60E58 /* Practipopas.app */,
				1A5B351E2201FBBF00A60E58 /* PractipopasTests.xctest */,
				1A5B35292201FBBF00A60E58 /* PractipopasUITests.xctest */,
			);
			name = Products;
			sourceTree = "<group>";
		};
		1A5B350C2201FBBF00A60E58 /* Practipopas */ = {
			isa = PBXGroup;
			children = (
				1A5B350D2201FBBF00A60E58 /* AppDelegate.swift */,
				1A5B350F2201FBBF00A60E58 /* ViewController.swift */,
				1A5B35112201FBBF00A60E58 /* Main.storyboard */,
				1A5B35142201FBBF00A60E58 /* Assets.xcassets */,
				1A5B35162201FBBF00A60E58 /* LaunchScreen.storyboard */,
				1A5B35192201FBBF00A60E58 /* Info.plist */,
				1A2F3ECA2201FC6E0080028A /* memo.swift */,
			);
			path = Practipopas;
			sourceTree = "<group>";
		};
		1A5B35212201FBBF00A60E58 /* PractipopasTests */ = {
			isa = PBXGroup;
			children = (
				1A5B35222201FBBF00A60E58 /* PractipopasTests.swift */,
				1A5B35242201FBBF00A60E58 /* Info.plist */,
			);
			path = PractipopasTests;
			sourceTree = "<group>";
		};
		1A5B352C2201FBBF00A60E58 /* PractipopasUITests */ = {
			isa = PBXGroup;
			children = (
				1A5B352D2201FBBF00A60E58 /* PractipopasUITests.swift */,
				1A5B352F2201FBBF00A60E58 /* Info.plist */,
			);
			path = PractipopasUITests;
			sourceTree = "<group>";
		};
/* End PBXGroup section */

/* Begin PBXNativeTarget section */
		1A5B35092201FBBE00A60E58 /* Practipopas */ = {
			isa = PBXNativeTarget;
			buildConfigurationList = 1A5B35322201FBBF00A60E58 /* Build configuration list for PBXNativeTarget "Practipopas" */;
			buildPhases = (
				1A5B35062201FBBE00A60E58 /* Sources */,
				1A5B35072201FBBE00A60E58 /* Frameworks */,
				1A5B35082201FBBE00A60E58 /* Resources */,
			);
			buildRules = (
			);
			dependencies = (
			);
			name = Practipopas;
			productName = Practipopas;
			productReference = 1A5B350A2201FBBF00A60E58 /* Practipopas.app */;
			productType = "com.apple.product-type.application";
		};
		1A5B351D2201FBBF00A60E58 /* PractipopasTests */ = {
			isa = PBXNativeTarget;
			buildConfigurationList = 1A5B35352201FBBF00A60E58 /* Build configuration list for PBXNativeTarget "PractipopasTests" */;
			buildPhases = (
				1A5B351A2201FBBF00A60E58 /* Sources */,
				1A5B351B2201FBBF00A60E58 /* Frameworks */,
				1A5B351C2201FBBF00A60E58 /* Resources */,
			);
			buildRules = (
			);
			dependencies = (
				1A5B35202201FBBF00A60E58 /* PBXTargetDependency */,
			);
			name = PractipopasTests;
			productName = PractipopasTests;
			productReference = 1A5B351E2201FBBF00A60E58 /* PractipopasTests.xctest */;
			productType = "com.apple.product-type.bundle.unit-test";
		};
		1A5B35282201FBBF00A60E58 /* PractipopasUITests */ = {
			isa = PBXNativeTarget;
			buildConfigurationList = 1A5B35382201FBBF00A60E58 /* Build configuration list for PBXNativeTarget "PractipopasUITests" */;
			buildPhases = (
				1A5B35252201FBBF00A60E58 /* Sources */,
				1A5B35262201FBBF00A60E58 /* Frameworks */,
				1A5B35272201FBBF00A60E58 /* Resources */,
			);
			buildRules = (
			);
			dependencies = (
				1A5B352B2201FBBF00A60E58 /* PBXTargetDependency */,
			);
			name = PractipopasUITests;
			productName = PractipopasUITests;
			productReference = 1A5B35292201FBBF00A60E58 /* PractipopasUITests.xctest */;
			productType = "com.apple.product-type.bundle.ui-testing";
		};
/* End PBXNativeTarget section */

/* Begin PBXProject section */
		1A5B35022201FBBE00A60E58 /* Project object */ = {
			isa = PBXProject;
			attributes = {
				LastSwiftUpdateCheck = 0920;
				LastUpgradeCheck = 0920;
				ORGANIZATIONNAME = "Universidad Politecnica de Gómez Palacio";
				TargetAttributes = {
					1A5B35092201FBBE00A60E58 = {
						CreatedOnToolsVersion = 9.2;
						ProvisioningStyle = Automatic;
					};
					1A5B351D2201FBBF00A60E58 = {
						CreatedOnToolsVersion = 9.2;
						ProvisioningStyle = Automatic;
						TestTargetID = 1A5B35092201FBBE00A60E58;
					};
					1A5B35282201FBBF00A60E58 = {
						CreatedOnToolsVersion = 9.2;
						ProvisioningStyle = Automatic;
						TestTargetID = 1A5B35092201FBBE00A60E58;
					};
				};
			};
			buildConfigurationList = 1A5B35052201FBBE00A60E58 /* Build configuration list for PBXProject "Practipopas" */;
			compatibilityVersion = "Xcode 8.0";
			developmentRegion = en;
			hasScannedForEncodings = 0;
			knownRegions = (
				en,
				Base,
			);
			mainGroup = 1A5B35012201FBBE00A60E58;
			productRefGroup = 1A5B350B2201FBBF00A60E58 /* Products */;
			projectDirPath = "";
			projectRoot = "";
			targets = (
				1A5B35092201FBBE00A60E58 /* Practipopas */,
				1A5B351D2201FBBF00A60E58 /* PractipopasTests */,
				1A5B35282201FBBF00A60E58 /* PractipopasUITests */,
			);
		};
/* End PBXProject section */

/* Begin PBXResourcesBuildPhase section */
		1A5B35082201FBBE00A60E58 /* Resources */ = {
			isa = PBXResourcesBuildPhase;
			buildActionMask = 2147483647;
			files = (
				1A5B35182201FBBF00A60E58 /* LaunchScreen.storyboard in Resources */,
				1A5B35152201FBBF00A60E58 /* Assets.xcassets in Resources */,
				1A5B35132201FBBF00A60E58 /* Main.storyboard in Resources */,
			);
			runOnlyForDeploymentPostprocessing = 0;
		};
		1A5B351C2201FBBF00A60E58 /* Resources */ = {
			isa = PBXResourcesBuildPhase;
			buildActionMask = 2147483647;
			files = (
			);
			runOnlyForDeploymentPostprocessing = 0;
		};
		1A5B35272201FBBF00A60E58 /* Resources */ = {
			isa = PBXResourcesBuildPhase;
			buildActionMask = 2147483647;
			files = (
			);
			runOnlyForDeploymentPostprocessing = 0;
		};
/* End PBXResourcesBuildPhase section */

/* Begin PBXSourcesBuildPhase section */
		1A5B35062201FBBE00A60E58 /* Sources */ = {
			isa = PBXSourcesBuildPhase;
			buildActionMask = 2147483647;
			files = (
				1A5B35102201FBBF00A60E58 /* ViewController.swift in Sources */,
				1A5B350E2201FBBF00A60E58 /* AppDelegate.swift in Sources */,
				1A2F3ECB2201FC6E0080028A /* memo.swift in Sources */,
			);
			runOnlyForDeploymentPostprocessing = 0;
		};
		1A5B351A2201FBBF00A60E58 /* Sources */ = {
			isa = PBXSourcesBuildPhase;
			buildActionMask = 2147483647;
			files = (
				1A5B35232201FBBF00A60E58 /* PractipopasTests.swift in Sources */,
			);
			runOnlyForDeploymentPostprocessing = 0;
		};
		1A5B35252201FBBF00A60E58 /* Sources */ = {
			isa = PBXSourcesBuildPhase;
			buildActionMask = 2147483647;
			files = (
				1A5B352E2201FBBF00A60E58 /* PractipopasUITests.swift in Sources */,
			);
			runOnlyForDeploymentPostprocessing = 0;
		};
/* End PBXSourcesBuildPhase section */

/* Begin PBXTargetDependency section */
		1A5B35202201FBBF00A60E58 /* PBXTargetDependency */ = {
			isa = PBXTargetDependency;
			target = 1A5B35092201FBBE00A60E58 /* Practipopas */;
			targetProxy = 1A5B351F2201FBBF00A60E58 /* PBXContainerItemProxy */;
		};
		1A5B352B2201FBBF00A60E58 /* PBXTargetDependency */ = {
			isa = PBXTargetDependency;
			target = 1A5B35092201FBBE00A60E58 /* Practipopas */;
			targetProxy = 1A5B352A2201FBBF00A60E58 /* PBXContainerItemProxy */;
		};
/* End PBXTargetDependency section */

/* Begin PBXVariantGroup section */
		1A5B35112201FBBF00A60E58 /* Main.storyboard */ = {
			isa = PBXVariantGroup;
			children = (
				1A5B35122201FBBF00A60E58 /* Base */,
			);
			name = Main.storyboard;
			sourceTree = "<group>";
		};
		1A5B35162201FBBF00A60E58 /* LaunchScreen.storyboard */ = {
			isa = PBXVariantGroup;
			children = (
				1A5B35172201FBBF00A60E58 /* Base */,
			);
			name = LaunchScreen.storyboard;
			sourceTree = "<group>";
		};
/* End PBXVariantGroup section */

/* Begin XCBuildConfiguration section */
		1A5B35302201FBBF00A60E58 /* Debug */ = {
			isa = XCBuildConfiguration;
			buildSettings = {
				ALWAYS_SEARCH_USER_PATHS = NO;
				CLANG_ANALYZER_NONNULL = YES;
				CLANG_ANALYZER_NUMBER_OBJECT_CONVERSION = YES_AGGRESSIVE;
				CLANG_CXX_LANGUAGE_STANDARD = "gnu++14";
				CLANG_CXX_LIBRARY = "libc++";
				CLANG_ENABLE_MODULES = YES;
				CLANG_ENABLE_OBJC_ARC = YES;
				CLANG_WARN_BLOCK_CAPTURE_AUTORELEASING = YES;
				CLANG_WARN_BOOL_CONVERSION = YES;
				CLANG_WARN_COMMA = YES;
				CLANG_WARN_CONSTANT_CONVERSION = YES;
				CLANG_WARN_DIRECT_OBJC_ISA_USAGE = YES_ERROR;
				CLANG_WARN_DOCUMENTATION_COMMENTS = YES;
				CLANG_WARN_EMPTY_BODY = YES;
				CLANG_WARN_ENUM_CONVERSION = YES;
				CLANG_WARN_INFINITE_RECURSION = YES;
				CLANG_WARN_INT_CONVERSION = YES;
				CLANG_WARN_NON_LITERAL_NULL_CONVERSION = YES;
				CLANG_WARN_OBJC_LITERAL_CONVERSION = YES;
				CLANG_WARN_OBJC_ROOT_CLASS = YES_ERROR;
				CLANG_WARN_RANGE_LOOP_ANALYSIS = YES;
				CLANG_WARN_STRICT_PROTOTYPES = YES;
				CLANG_WARN_SUSPICIOUS_MOVE = YES;
				CLANG_WARN_UNGUARDED_AVAILABILITY = YES_AGGRESSIVE;
				CLANG_WARN_UNREACHABLE_CODE = YES;
				CLANG_WARN__DUPLICATE_METHOD_MATCH = YES;
				CODE_SIGN_IDENTITY = "iPhone Developer";
				COPY_PHASE_STRIP = NO;
				DEBUG_INFORMATION_FORMAT = dwarf;
				ENABLE_STRICT_OBJC_MSGSEND = YES;
				ENABLE_TESTABILITY = YES;
				GCC_C_LANGUAGE_STANDARD = gnu11;
				GCC_DYNAMIC_NO_PIC = NO;
				GCC_NO_COMMON_BLOCKS = YES;
				GCC_OPTIMIZATION_LEVEL = 0;
				GCC_PREPROCESSOR_DEFINITIONS = (
					"DEBUG=1",
					"$(inherited)",
				);
				GCC_WARN_64_TO_32_BIT_CONVERSION = YES;
				GCC_WARN_ABOUT_RETURN_TYPE = YES_ERROR;
				GCC_WARN_UNDECLARED_SELECTOR = YES;
				GCC_WARN_UNINITIALIZED_AUTOS = YES_AGGRESSIVE;
				GCC_WARN_UNUSED_FUNCTION = YES;
				GCC_WARN_UNUSED_VARIABLE = YES;
				IPHONEOS_DEPLOYMENT_TARGET = 11.2;
				MTL_ENABLE_DEBUG_INFO = YES;
				ONLY_ACTIVE_ARCH = YES;
				SDKROOT = iphoneos;
				SWIFT_ACTIVE_COMPILATION_CONDITIONS = DEBUG;
				SWIFT_OPTIMIZATION_LEVEL = "-Onone";
			};
			name = Debug;
		};
		1A5B35312201FBBF00A60E58 /* Release */ = {
			isa = XCBuildConfiguration;
			buildSettings = {
				ALWAYS_SEARCH_USER_PATHS = NO;
				CLANG_ANALYZER_NONNULL = YES;
				CLANG_ANALYZER_NUMBER_OBJECT_CONVERSION = YES_AGGRESSIVE;
				CLANG_CXX_LANGUAGE_STANDARD = "gnu++14";
				CLANG_CXX_LIBRARY = "libc++";
				CLANG_ENABLE_MODULES = YES;
				CLANG_ENABLE_OBJC_ARC = YES;
				CLANG_WARN_BLOCK_CAPTURE_AUTORELEASING = YES;
				CLANG_WARN_BOOL_CONVERSION = YES;
				CLANG_WARN_COMMA = YES;
				CLANG_WARN_CONSTANT_CONVERSION = YES;
				CLANG_WARN_DIRECT_OBJC_ISA_USAGE = YES_ERROR;
				CLANG_WARN_DOCUMENTATION_COMMENTS = YES;
				CLANG_WARN_EMPTY_BODY = YES;
				CLANG_WARN_ENUM_CONVERSION = YES;
				CLANG_WARN_INFINITE_RECURSION = YES;
				CLANG_WARN_INT_CONVERSION = YES;
				CLANG_WARN_NON_LITERAL_NULL_CONVERSION = YES;
				CLANG_WARN_OBJC_LITERAL_CONVERSION = YES;
				CLANG_WARN_OBJC_ROOT_CLASS = YES_ERROR;
				CLANG_WARN_RANGE_LOOP_ANALYSIS = YES;
				CLANG_WARN_STRICT_PROTOTYPES = YES;
				CLANG_WARN_SUSPICIOUS_MOVE = YES;
				CLANG_WARN_UNGUARDED_AVAILABILITY = YES_AGGRESSIVE;
				CLANG_WARN_UNREACHABLE_CODE = YES;
				CLANG_WARN__DUPLICATE_METHOD_MATCH = YES;
				CODE_SIGN_IDENTITY = "iPhone Developer";
				COPY_PHASE_STRIP = NO;
				DEBUG_INFORMATION_FORMAT = "dwarf-with-dsym";
				ENABLE_NS_ASSERTIONS = NO;
				ENABLE_STRICT_OBJC_MSGSEND = YES;
				GCC_C_LANGUAGE_STANDARD = gnu11;
				GCC_NO_COMMON_BLOCKS = YES;
				GCC_WARN_64_TO_32_BIT_CONVERSION = YES;
				GCC_WARN_ABOUT_RETURN_TYPE = YES_ERROR;
				GCC_WARN_UNDECLARED_SELECTOR = YES;
				GCC_WARN_UNINITIALIZED_AUTOS = YES_AGGRESSIVE;
				GCC_WARN_UNUSED_FUNCTION = YES;
				GCC_WARN_UNUSED_VARIABLE = YES;
				IPHONEOS_DEPLOYMENT_TARGET = 11.2;
				MTL_ENABLE_DEBUG_INFO = NO;
				SDKROOT = iphoneos;
				SWIFT_OPTIMIZATION_LEVEL = "-Owholemodule";
				VALIDATE_PRODUCT = YES;
			};
			name = Release;
		};
		1A5B35332201FBBF00A60E58 /* Debug */ = {
			isa = XCBuildConfiguration;
			buildSettings = {
				ASSETCATALOG_COMPILER_APPICON_NAME = AppIcon;
				CODE_SIGN_STYLE = Automatic;
				DEVELOPMENT_TEAM = CNFFVGP94L;
				INFOPLIST_FILE = Practipopas/Info.plist;
				LD_RUNPATH_SEARCH_PATHS = "$(inherited) @executable_path/Frameworks";
				PRODUCT_BUNDLE_IDENTIFIER = AD.Practipopas;
				PRODUCT_NAME = "$(TARGET_NAME)";
				SWIFT_VERSION = 4.0;
				TARGETED_DEVICE_FAMILY = "1,2";
			};
			name = Debug;
		};
		1A5B35342201FBBF00A60E58 /* Release */ = {
			isa = XCBuildConfiguration;
			buildSettings = {
				ASSETCATALOG_COMPILER_APPICON_NAME = AppIcon;
				CODE_SIGN_STYLE = Automatic;
				DEVELOPMENT_TEAM = CNFFVGP94L;
				INFOPLIST_FILE = Practipopas/Info.plist;
				LD_RUNPATH_SEARCH_PATHS = "$(inherited) @executable_path/Frameworks";
				PRODUCT_BUNDLE_IDENTIFIER = AD.Practipopas;
				PRODUCT_NAME = "$(TARGET_NAME)";
				SWIFT_VERSION = 4.0;
				TARGETED_DEVICE_FAMILY = "1,2";
			};
			name = Release;
		};
		1A5B35362201FBBF00A60E58 /* Debug */ = {
			isa = XCBuildConfiguration;
			buildSettings = {
				ALWAYS_EMBED_SWIFT_STANDARD_LIBRARIES = YES;
				BUNDLE_LOADER = "$(TEST_HOST)";
				CODE_SIGN_STYLE = Automatic;
				DEVELOPMENT_TEAM = CNFFVGP94L;
				INFOPLIST_FILE = PractipopasTests/Info.plist;
				LD_RUNPATH_SEARCH_PATHS = "$(inherited) @executable_path/Frameworks @loader_path/Frameworks";
				PRODUCT_BUNDLE_IDENTIFIER = AD.PractipopasTests;
				PRODUCT_NAME = "$(TARGET_NAME)";
				SWIFT_VERSION = 4.0;
				TARGETED_DEVICE_FAMILY = "1,2";
				TEST_HOST = "$(BUILT_PRODUCTS_DIR)/Practipopas.app/Practipopas";
			};
			name = Debug;
		};
		1A5B35372201FBBF00A60E58 /* Release */ = {
			isa = XCBuildConfiguration;
			buildSettings = {
				ALWAYS_EMBED_SWIFT_STANDARD_LIBRARIES = YES;
				BUNDLE_LOADER = "$(TEST_HOST)";
				CODE_SIGN_STYLE = Automatic;
				DEVELOPMENT_TEAM = CNFFVGP94L;
				INFOPLIST_FILE = PractipopasTests/Info.plist;
				LD_RUNPATH_SEARCH_PATHS = "$(inherited) @executable_path/Frameworks @loader_path/Frameworks";
				PRODUCT_BUNDLE_IDENTIFIER = AD.PractipopasTests;
				PRODUCT_NAME = "$(TARGET_NAME)";
				SWIFT_VERSION = 4.0;
				TARGETED_DEVICE_FAMILY = "1,2";
				TEST_HOST = "$(BUILT_PRODUCTS_DIR)/Practipopas.app/Practipopas";
			};
			name = Release;
		};
		1A5B35392201FBBF00A60E58 /* Debug */ = {
			isa = XCBuildConfiguration;
			buildSettings = {
				ALWAYS_EMBED_SWIFT_STANDARD_LIBRARIES = YES;
				CODE_SIGN_STYLE = Automatic;
				DEVELOPMENT_TEAM = CNFFVGP94L;
				INFOPLIST_FILE = PractipopasUITests/Info.plist;
				LD_RUNPATH_SEARCH_PATHS = "$(inherited) @executable_path/Frameworks @loader_path/Frameworks";
				PRODUCT_BUNDLE_IDENTIFIER = AD.PractipopasUITests;
				PRODUCT_NAME = "$(TARGET_NAME)";
				SWIFT_VERSION = 4.0;
				TARGETED_DEVICE_FAMILY = "1,2";
				TEST_TARGET_NAME = Practipopas;
			};
			name = Debug;
		};
		1A5B353A2201FBBF00A60E58 /* Release */ = {
			isa = XCBuildConfiguration;
			buildSettings = {
				ALWAYS_EMBED_SWIFT_STANDARD_LIBRARIES = YES;
				CODE_SIGN_STYLE = Automatic;
				DEVELOPMENT_TEAM = CNFFVGP94L;
				INFOPLIST_FILE = PractipopasUITests/Info.plist;
				LD_RUNPATH_SEARCH_PATHS = "$(inherited) @executable_path/Frameworks @loader_path/Frameworks";
				PRODUCT_BUNDLE_IDENTIFIER = AD.PractipopasUITests;
				PRODUCT_NAME = "$(TARGET_NAME)";
				SWIFT_VERSION = 4.0;
				TARGETED_DEVICE_FAMILY = "1,2";
				TEST_TARGET_NAME = Practipopas;
			};
			name = Release;
		};
/* End XCBuildConfiguration section */

/* Begin XCConfigurationList section */
		1A5B35052201FBBE00A60E58 /* Build configuration list for PBXProject "Practipopas" */ = {
			isa = XCConfigurationList;
			buildConfigurations = (
				1A5B35302201FBBF00A60E58 /* Debug */,
				1A5B35312201FBBF00A60E58 /* Release */,
			);
			defaultConfigurationIsVisible = 0;
			defaultConfigurationName = Release;
		};
		1A5B35322201FBBF00A60E58 /* Build configuration list for PBXNativeTarget "Practipopas" */ = {
			isa = XCConfigurationList;
			buildConfigurations = (
				1A5B35332201FBBF00A60E58 /* Debug */,
				1A5B35342201FBBF00A60E58 /* Release */,
			);
			defaultConfigurationIsVisible = 0;
			defaultConfigurationName = Release;
		};
		1A5B35352201FBBF00A60E58 /* Build configuration list for PBXNativeTarget "PractipopasTests" */ = {
			isa = XCConfigurationList;
			buildConfigurations = (
				1A5B35362201FBBF00A60E58 /* Debug */,
				1A5B35372201FBBF00A60E58 /* Release */,
			);
			defaultConfigurationIsVisible = 0;
			defaultConfigurationName = Release;
		};
		1A5B35382201FBBF00A60E58 /* Build configuration list for PBXNativeTarget "PractipopasUITests" */ = {
			isa = XCConfigurationList;
			buildConfigurations = (
				1A5B35392201FBBF00A60E58 /* Debug */,
				1A5B353A2201FBBF00A60E58 /* Release */,
			);
			defaultConfigurationIsVisible = 0;
			defaultConfigurationName = Release;
		};
/* End XCConfigurationList section */
	};
	rootObject = 1A5B35022201FBBE00A60E58 /* Project object */;
}
